// !$*UTF8*$!
{
	archiveVersion = 1;
	classes = {
	};
	objectVersion = 46;
	objects = {

/* Begin PBXBuildFile section */
		85D75E1C1ECCB24F006A7744 /* AppDelegate.m in Sources */ = {isa = PBXBuildFile; fileRef = 85D75E1B1ECCB24F006A7744 /* AppDelegate.m */; };
		85D75E1F1ECCB24F006A7744 /* main.m in Sources */ = {isa = PBXBuildFile; fileRef = 85D75E1E1ECCB24F006A7744 /* main.m */; };
		85D75E221ECCB24F006A7744 /* ViewController.m in Sources */ = {isa = PBXBuildFile; fileRef = 85D75E211ECCB24F006A7744 /* ViewController.m */; };
		85D75E241ECCB24F006A7744 /* Assets.xcassets in Resources */ = {isa = PBXBuildFile; fileRef = 85D75E231ECCB24F006A7744 /* Assets.xcassets */; };
		85D75E271ECCB24F006A7744 /* Main.storyboard in Resources */ = {isa = PBXBuildFile; fileRef = 85D75E251ECCB24F006A7744 /* Main.storyboard */; };
		85D75E321ECCB24F006A7744 /* TableViewDemoTests.m in Sources */ = {isa = PBXBuildFile; fileRef = 85D75E311ECCB24F006A7744 /* TableViewDemoTests.m */; };
		85D75E3D1ECCB24F006A7744 /* TableViewDemoUITests.m in Sources */ = {isa = PBXBuildFile; fileRef = 85D75E3C1ECCB24F006A7744 /* TableViewDemoUITests.m */; };
/* End PBXBuildFile section */

/* Begin PBXContainerItemProxy section */
		85D75E2E1ECCB24F006A7744 /* PBXContainerItemProxy */ = {
			isa = PBXContainerItemProxy;
			containerPortal = 85D75E0F1ECCB24F006A7744 /* Project object */;
			proxyType = 1;
			remoteGlobalIDString = 85D75E161ECCB24F006A7744;
			remoteInfo = TableViewDemo;
		};
		85D75E391ECCB24F006A7744 /* PBXContainerItemProxy */ = {
			isa = PBXContainerItemProxy;
			containerPortal = 85D75E0F1ECCB24F006A7744 /* Project object */;
			proxyType = 1;
			remoteGlobalIDString = 85D75E161ECCB24F006A7744;
			remoteInfo = TableViewDemo;
		};
/* End PBXContainerItemProxy section */

/* Begin PBXFileReference section */
		85D75E171ECCB24F006A7744 /* TableViewDemo.app */ = {isa = PBXFileReference; explicitFileType = wrapper.application; includeInIndex = 0; path = TableViewDemo.app; sourceTree = BUILT_PRODUCTS_DIR; };
		85D75E1A1ECCB24F006A7744 /* AppDelegate.h */ = {isa = PBXFileReference; lastKnownFileType = sourcecode.c.h; path = AppDelegate.h; sourceTree = "<group>"; };
		85D75E1B1ECCB24F006A7744 /* AppDelegate.m */ = {isa = PBXFileReference; lastKnownFileType = sourcecode.c.objc; path = AppDelegate.m; sourceTree = "<group>"; };
		85D75E1E1ECCB24F006A7744 /* main.m */ = {isa = PBXFileReference; lastKnownFileType = sourcecode.c.objc; path = main.m; sourceTree = "<group>"; };
		85D75E201ECCB24F006A7744 /* ViewController.h */ = {isa = PBXFileReference; lastKnownFileType = sourcecode.c.h; path = ViewController.h; sourceTree = "<group>"; };
		85D75E211ECCB24F006A7744 /* ViewController.m */ = {isa = PBXFileReference; lastKnownFileType = sourcecode.c.objc; path = ViewController.m; sourceTree = "<group>"; };
		85D75E231ECCB24F006A7744 /* Assets.xcassets */ = {isa = PBXFileReference; lastKnownFileType = folder.assetcatalog; path = Assets.xcassets; sourceTree = "<group>"; };
		85D75E261ECCB24F006A7744 /* Base */ = {isa = PBXFileReference; lastKnownFileType = file.storyboard; name = Base; path = Base.lproj/Main.storyboard; sourceTree = "<group>"; };
		85D75E281ECCB24F006A7744 /* Info.plist */ = {isa = PBXFileReference; lastKnownFileType = text.plist.xml; path = Info.plist; sourceTree = "<group>"; };
		85D75E2D1ECCB24F006A7744 /* TableViewDemoTests.xctest */ = {isa = PBXFileReference; explicitFileType = wrapper.cfbundle; includeInIndex = 0; path = TableViewDemoTests.xctest; sourceTree = BUILT_PRODUCTS_DIR; };
		85D75E311ECCB24F006A7744 /* TableViewDemoTests.m */ = {isa = PBXFileReference; lastKnownFileType = sourcecode.c.objc; path = TableViewDemoTests.m; sourceTree = "<group>"; };
		85D75E331ECCB24F006A7744 /* Info.plist */ = {isa = PBXFileReference; lastKnownFileType = text.plist.xml; path = Info.plist; sourceTree = "<group>"; };
		85D75E381ECCB24F006A7744 /* TableViewDemoUITests.xctest */ = {isa = PBXFileReference; explicitFileType = wrapper.cfbundle; includeInIndex = 0; path = TableViewDemoUITests.xctest; sourceTree = BUILT_PRODUCTS_DIR; };
		85D75E3C1ECCB24F006A7744 /* TableViewDemoUITests.m */ = {isa = PBXFileReference; lastKnownFileType = sourcecode.c.objc; path = TableViewDemoUITests.m; sourceTree = "<group>"; };
		85D75E3E1ECCB24F006A7744 /* Info.plist */ = {isa = PBXFileReference; lastKnownFileType = text.plist.xml; path = Info.plist; sourceTree = "<group>"; };
/* End PBXFileReference section */

/* Begin PBXFrameworksBuildPhase section */
		85D75E141ECCB24F006A7744 /* Frameworks */ = {
			isa = PBXFrameworksBuildPhase;
			buildActionMask = 2147483647;
			files = (
			);
			runOnlyForDeploymentPostprocessing = 0;
		};
		85D75E2A1ECCB24F006A7744 /* Frameworks */ = {
			isa = PBXFrameworksBuildPhase;
			buildActionMask = 2147483647;
			files = (
			);
			runOnlyForDeploymentPostprocessing = 0;
		};
		85D75E351ECCB24F006A7744 /* Frameworks */ = {
			isa = PBXFrameworksBuildPhase;
			buildActionMask = 2147483647;
			files = (
			);
			runOnlyForDeploymentPostprocessing = 0;
		};
/* End PBXFrameworksBuildPhase section */

/* Begin PBXGroup section */
		85D75E0E1ECCB24F006A7744 = {
			isa = PBXGroup;
			children = (
				85D75E191ECCB24F006A7744 /* TableViewDemo */,
				85D75E301ECCB24F006A7744 /* TableViewDemoTests */,
				85D75E3B1ECCB24F006A7744 /* TableViewDemoUITests */,
				85D75E181ECCB24F006A7744 /* Products */,
			);
			sourceTree = "<group>";
		};
		85D75E181ECCB24F006A7744 /* Products */ = {
			isa = PBXGroup;
			children = (
				85D75E171ECCB24F006A7744 /* TableViewDemo.app */,
				85D75E2D1ECCB24F006A7744 /* TableViewDemoTests.xctest */,
				85D75E381ECCB24F006A7744 /* TableViewDemoUITests.xctest */,
			);
			name = Products;
			sourceTree = "<group>";
		};
		85D75E191ECCB24F006A7744 /* TableViewDemo */ = {
			isa = PBXGroup;
			children = (
				85D75E1A1ECCB24F006A7744 /* AppDelegate.h */,
				85D75E1B1ECCB24F006A7744 /* AppDelegate.m */,
				85D75E201ECCB24F006A7744 /* ViewController.h */,
				85D75E211ECCB24F006A7744 /* ViewController.m */,
				85D75E231ECCB24F006A7744 /* Assets.xcassets */,
				85D75E251ECCB24F006A7744 /* Main.storyboard */,
				85D75E281ECCB24F006A7744 /* Info.plist */,
				85D75E1D1ECCB24F006A7744 /* Supporting Files */,
			);
			path = TableViewDemo;
			sourceTree = "<group>";
		};
		85D75E1D1ECCB24F006A7744 /* Supporting Files */ = {
			isa = PBXGroup;
			children = (
				85D75E1E1ECCB24F006A7744 /* main.m */,
			);
			name = "Supporting Files";
			sourceTree = "<group>";
		};
		85D75E301ECCB24F006A7744 /* TableViewDemoTests */ = {
			isa = PBXGroup;
			children = (
				85D75E311ECCB24F006A7744 /* TableViewDemoTests.m */,
				85D75E331ECCB24F006A7744 /* Info.plist */,
			);
			path = TableViewDemoTests;
			sourceTree = "<group>";
		};
		85D75E3B1ECCB24F006A7744 /* TableViewDemoUITests */ = {
			isa = PBXGroup;
			children = (
				85D75E3C1ECCB24F006A7744 /* TableViewDemoUITests.m */,
				85D75E3E1ECCB24F006A7744 /* Info.plist */,
			);
			path = TableViewDemoUITests;
			sourceTree = "<group>";
		};
/* End PBXGroup section */

/* Begin PBXNativeTarget section */
		85D75E161ECCB24F006A7744 /* TableViewDemo */ = {
			isa = PBXNativeTarget;
			buildConfigurationList = 85D75E411ECCB24F006A7744 /* Build configuration list for PBXNativeTarget "TableViewDemo" */;
			buildPhases = (
				85D75E131ECCB24F006A7744 /* Sources */,
				85D75E141ECCB24F006A7744 /* Frameworks */,
				85D75E151ECCB24F006A7744 /* Resources */,
			);
			buildRules = (
			);
			dependencies = (
			);
			name = TableViewDemo;
			productName = TableViewDemo;
			productReference = 85D75E171ECCB24F006A7744 /* TableViewDemo.app */;
			productType = "com.apple.product-type.application";
		};
		85D75E2C1ECCB24F006A7744 /* TableViewDemoTests */ = {
			isa = PBXNativeTarget;
			buildConfigurationList = 85D75E441ECCB24F006A7744 /* Build configuration list for PBXNativeTarget "TableViewDemoTests" */;
			buildPhases = (
				85D75E291ECCB24F006A7744 /* Sources */,
				85D75E2A1ECCB24F006A7744 /* Frameworks */,
				85D75E2B1ECCB24F006A7744 /* Resources */,
			);
			buildRules = (
			);
			dependencies = (
				85D75E2F1ECCB24F006A7744 /* PBXTargetDependency */,
			);
			name = TableViewDemoTests;
			productName = TableViewDemoTests;
			productReference = 85D75E2D1ECCB24F006A7744 /* TableViewDemoTests.xctest */;
			productType = "com.apple.product-type.bundle.unit-test";
		};
		85D75E371ECCB24F006A7744 /* TableViewDemoUITests */ = {
			isa = PBXNativeTarget;
			buildConfigurationList = 85D75E471ECCB24F006A7744 /* Build configuration list for PBXNativeTarget "TableViewDemoUITests" */;
			buildPhases = (
				85D75E341ECCB24F006A7744 /* Sources */,
				85D75E351ECCB24F006A7744 /* Frameworks */,
				85D75E361ECCB24F006A7744 /* Resources */,
			);
			buildRules = (
			);
			dependencies = (
				85D75E3A1ECCB24F006A7744 /* PBXTargetDependency */,
			);
			name = TableViewDemoUITests;
			productName = TableViewDemoUITests;
			productReference = 85D75E381ECCB24F006A7744 /* TableViewDemoUITests.xctest */;
			productType = "com.apple.product-type.bundle.ui-testing";
		};
/* End PBXNativeTarget section */

/* Begin PBXProject section */
		85D75E0F1ECCB24F006A7744 /* Project object */ = {
			isa = PBXProject;
			attributes = {
				LastUpgradeCheck = 0830;
				ORGANIZATIONNAME = "Slimn Srarena";
				TargetAttributes = {
					85D75E161ECCB24F006A7744 = {
						CreatedOnToolsVersion = 8.3;
						DevelopmentTeam = QQE69LKY8A;
						ProvisioningStyle = Automatic;
					};
					85D75E2C1ECCB24F006A7744 = {
						CreatedOnToolsVersion = 8.3;
						DevelopmentTeam = QQE69LKY8A;
						ProvisioningStyle = Automatic;
						TestTargetID = 85D75E161ECCB24F006A7744;
					};
					85D75E371ECCB24F006A7744 = {
						CreatedOnToolsVersion = 8.3;
						DevelopmentTeam = QQE69LKY8A;
						ProvisioningStyle = Automatic;
						TestTargetID = 85D75E161ECCB24F006A7744;
					};
				};
			};
			buildConfigurationList = 85D75E121ECCB24F006A7744 /* Build configuration list for PBXProject "TableViewDemo" */;
			compatibilityVersion = "Xcode 3.2";
			developmentRegion = English;
			hasScannedForEncodings = 0;
			knownRegions = (
				en,
				Base,
			);
			mainGroup = 85D75E0E1ECCB24F006A7744;
			productRefGroup = 85D75E181ECCB24F006A7744 /* Products */;
			projectDirPath = "";
			projectRoot = "";
			targets = (
				85D75E161ECCB24F006A7744 /* TableViewDemo */,
				85D75E2C1ECCB24F006A7744 /* TableViewDemoTests */,
				85D75E371ECCB24F006A7744 /* TableViewDemoUITests */,
			);
		};
/* End PBXProject section */

/* Begin PBXResourcesBuildPhase section */
		85D75E151ECCB24F006A7744 /* Resources */ = {
			isa = PBXResourcesBuildPhase;
			buildActionMask = 2147483647;
			files = (
				85D75E241ECCB24F006A7744 /* Assets.xcassets in Resources */,
				85D75E271ECCB24F006A7744 /* Main.storyboard in Resources */,
			);
			runOnlyForDeploymentPostprocessing = 0;
		};
		85D75E2B1ECCB24F006A7744 /* Resources */ = {
			isa = PBXResourcesBuildPhase;
			buildActionMask = 2147483647;
			files = (
			);
			runOnlyForDeploymentPostprocessing = 0;
		};
		85D75E361ECCB24F006A7744 /* Resources */ = {
			isa = PBXResourcesBuildPhase;
			buildActionMask = 2147483647;
			files = (
			);
			runOnlyForDeploymentPostprocessing = 0;
		};
/* End PBXResourcesBuildPhase section */

/* Begin PBXSourcesBuildPhase section */
		85D75E131ECCB24F006A7744 /* Sources */ = {
			isa = PBXSourcesBuildPhase;
			buildActionMask = 2147483647;
			files = (
				85D75E221ECCB24F006A7744 /* ViewController.m in Sources */,
				85D75E1F1ECCB24F006A7744 /* main.m in Sources */,
				85D75E1C1ECCB24F006A7744 /* AppDelegate.m in Sources */,
			);
			runOnlyForDeploymentPostprocessing = 0;
		};
		85D75E291ECCB24F006A7744 /* Sources */ = {
			isa = PBXSourcesBuildPhase;
			buildActionMask = 2147483647;
			files = (
				85D75E321ECCB24F006A7744 /* TableViewDemoTests.m in Sources */,
			);
			runOnlyForDeploymentPostprocessing = 0;
		};
		85D75E341ECCB24F006A7744 /* Sources */ = {
			isa = PBXSourcesBuildPhase;
			buildActionMask = 2147483647;
			files = (
				85D75E3D1ECCB24F006A7744 /* TableViewDemoUITests.m in Sources */,
			);
			runOnlyForDeploymentPostprocessing = 0;
		};
/* End PBXSourcesBuildPhase section */

/* Begin PBXTargetDependency section */
		85D75E2F1ECCB24F006A7744 /* PBXTargetDependency */ = {
			isa = PBXTargetDependency;
			target = 85D75E161ECCB24F006A7744 /* TableViewDemo */;
			targetProxy = 85D75E2E1ECCB24F006A7744 /* PBXContainerItemProxy */;
		};
		85D75E3A1ECCB24F006A7744 /* PBXTargetDependency */ = {
			isa = PBXTargetDependency;
			target = 85D75E161ECCB24F006A7744 /* TableViewDemo */;
			targetProxy = 85D75E391ECCB24F006A7744 /* PBXContainerItemProxy */;
		};
/* End PBXTargetDependency section */

/* Begin PBXVariantGroup section */
		85D75E251ECCB24F006A7744 /* Main.storyboard */ = {
			isa = PBXVariantGroup;
			children = (
				85D75E261ECCB24F006A7744 /* Base */,
			);
			name = Main.storyboard;
			sourceTree = "<group>";
		};
/* End PBXVariantGroup section */

/* Begin XCBuildConfiguration section */
		85D75E3F1ECCB24F006A7744 /* Debug */ = {
			isa = XCBuildConfiguration;
			buildSettings = {
				ALWAYS_SEARCH_USER_PATHS = NO;
				CLANG_ANALYZER_NONNULL = YES;
				CLANG_ANALYZER_NUMBER_OBJECT_CONVERSION = YES_AGGRESSIVE;
				CLANG_CXX_LANGUAGE_STANDARD = "gnu++0x";
				CLANG_CXX_LIBRARY = "libc++";
				CLANG_ENABLE_MODULES = YES;
				CLANG_ENABLE_OBJC_ARC = YES;
				CLANG_WARN_BOOL_CONVERSION = YES;
				CLANG_WARN_CONSTANT_CONVERSION = YES;
				CLANG_WARN_DIRECT_OBJC_ISA_USAGE = YES_ERROR;
				CLANG_WARN_DOCUMENTATION_COMMENTS = YES;
				CLANG_WARN_EMPTY_BODY = YES;
				CLANG_WARN_ENUM_CONVERSION = YES;
				CLANG_WARN_INFINITE_RECURSION = YES;
				CLANG_WARN_INT_CONVERSION = YES;
				CLANG_WARN_OBJC_ROOT_CLASS = YES_ERROR;
				CLANG_WARN_SUSPICIOUS_MOVE = YES;
				CLANG_WARN_UNREACHABLE_CODE = YES;
				CLANG_WARN__DUPLICATE_METHOD_MATCH = YES;
				CODE_SIGN_IDENTITY = "-";
				COPY_PHASE_STRIP = NO;
				DEBUG_INFORMATION_FORMAT = dwarf;
				ENABLE_STRICT_OBJC_MSGSEND = YES;
				ENABLE_TESTABILITY = YES;
				GCC_C_LANGUAGE_STANDARD = gnu99;
				GCC_DYNAMIC_NO_PIC = NO;
				GCC_NO_COMMON_BLOCKS = YES;
				GCC_OPTIMIZATION_LEVEL = 0;
				GCC_PREPROCESSOR_DEFINITIONS = (
					"DEBUG=1",
					"$(inherited)",
				);
				GCC_WARN_64_TO_32_BIT_CONVERSION = YES;
				GCC_WARN_ABOUT_RETURN_TYPE = YES_ERROR;
				GCC_WARN_UNDECLARED_SELECTOR = YES;
				GCC_WARN_UNINITIALIZED_AUTOS = YES_AGGRESSIVE;
				GCC_WARN_UNUSED_FUNCTION = YES;
				GCC_WARN_UNUSED_VARIABLE = YES;
				MACOSX_DEPLOYMENT_TARGET = 10.12;
				MTL_ENABLE_DEBUG_INFO = YES;
				ONLY_ACTIVE_ARCH = YES;
				SDKROOT = macosx;
			};
			name = Debug;
		};
		85D75E401ECCB24F006A7744 /* Release */ = {
			isa = XCBuildConfiguration;
			buildSettings = {
				ALWAYS_SEARCH_USER_PATHS = NO;
				CLANG_ANALYZER_NONNULL = YES;
				CLANG_ANALYZER_NUMBER_OBJECT_CONVERSION = YES_AGGRESSIVE;
				CLANG_CXX_LANGUAGE_STANDARD = "gnu++0x";
				CLANG_CXX_LIBRARY = "libc++";
				CLANG_ENABLE_MODULES = YES;
				CLANG_ENABLE_OBJC_ARC = YES;
				CLANG_WARN_BOOL_CONVERSION = YES;
				CLANG_WARN_CONSTANT_CONVERSION = YES;
				CLANG_WARN_DIRECT_OBJC_ISA_USAGE = YES_ERROR;
				CLANG_WARN_DOCUMENTATION_COMMENTS = YES;
				CLANG_WARN_EMPTY_BODY = YES;
				CLANG_WARN_ENUM_CONVERSION = YES;
				CLANG_WARN_INFINITE_RECURSION = YES;
				CLANG_WARN_INT_CONVERSION = YES;
				CLANG_WARN_OBJC_ROOT_CLASS = YES_ERROR;
				CLANG_WARN_SUSPICIOUS_MOVE = YES;
				CLANG_WARN_UNREACHABLE_CODE = YES;
				CLANG_WARN__DUPLICATE_METHOD_MATCH = YES;
				CODE_SIGN_IDENTITY = "-";
				COPY_PHASE_STRIP = NO;
				DEBUG_INFORMATION_FORMAT = "dwarf-with-dsym";
				ENABLE_NS_ASSERTIONS = NO;
				ENABLE_STRICT_OBJC_MSGSEND = YES;
				GCC_C_LANGUAGE_STANDARD = gnu99;
				GCC_NO_COMMON_BLOCKS = YES;
				GCC_WARN_64_TO_32_BIT_CONVERSION = YES;
				GCC_WARN_ABOUT_RETURN_TYPE = YES_ERROR;
				GCC_WARN_UNDECLARED_SELECTOR = YES;
				GCC_WARN_UNINITIALIZED_AUTOS = YES_AGGRESSIVE;
				GCC_WARN_UNUSED_FUNCTION = YES;
				GCC_WARN_UNUSED_VARIABLE = YES;
				MACOSX_DEPLOYMENT_TARGET = 10.12;
				MTL_ENABLE_DEBUG_INFO = NO;
				SDKROOT = macosx;
			};
			name = Release;
		};
		85D75E421ECCB24F006A7744 /* Debug */ = {
			isa = XCBuildConfiguration;
			buildSettings = {
				ASSETCATALOG_COMPILER_APPICON_NAME = AppIcon;
				COMBINE_HIDPI_IMAGES = YES;
				DEVELOPMENT_TEAM = QQE69LKY8A;
				INFOPLIST_FILE = TableViewDemo/Info.plist;
				LD_RUNPATH_SEARCH_PATHS = "$(inherited) @executable_path/../Frameworks";
				PRODUCT_BUNDLE_IDENTIFIER = com.veda.TableViewDemo;
				PRODUCT_NAME = "$(TARGET_NAME)";
			};
			name = Debug;
		};
		85D75E431ECCB24F006A7744 /* Release */ = {
			isa = XCBuildConfiguration;
			buildSettings = {
				ASSETCATALOG_COMPILER_APPICON_NAME = AppIcon;
				COMBINE_HIDPI_IMAGES = YES;
				DEVELOPMENT_TEAM = QQE69LKY8A;
				INFOPLIST_FILE = TableViewDemo/Info.plist;
				LD_RUNPATH_SEARCH_PATHS = "$(inherited) @executable_path/../Frameworks";
				PRODUCT_BUNDLE_IDENTIFIER = com.veda.TableViewDemo;
				PRODUCT_NAME = "$(TARGET_NAME)";
			};
			name = Release;
		};
		85D75E451ECCB24F006A7744 /* Debug */ = {
			isa = XCBuildConfiguration;
			buildSettings = {
				BUNDLE_LOADER = "$(TEST_HOST)";
				COMBINE_HIDPI_IMAGES = YES;
				DEVELOPMENT_TEAM = QQE69LKY8A;
				INFOPLIST_FILE = TableViewDemoTests/Info.plist;
				LD_RUNPATH_SEARCH_PATHS = "$(inherited) @executable_path/../Frameworks @loader_path/../Frameworks";
				PRODUCT_BUNDLE_IDENTIFIER = com.veda.TableViewDemoTests;
				PRODUCT_NAME = "$(TARGET_NAME)";
				TEST_HOST = "$(BUILT_PRODUCTS_DIR)/TableViewDemo.app/Contents/MacOS/TableViewDemo";
			};
			name = Debug;
		};
		85D75E461ECCB24F006A7744 /* Release */ = {
			isa = XCBuildConfiguration;
			buildSettings = {
				BUNDLE_LOADER = "$(TEST_HOST)";
				COMBINE_HIDPI_IMAGES = YES;
				DEVELOPMENT_TEAM = QQE69LKY8A;
				INFOPLIST_FILE = TableViewDemoTests/Info.plist;
				LD_RUNPATH_SEARCH_PATHS = "$(inherited) @executable_path/../Frameworks @loader_path/../Frameworks";
				PRODUCT_BUNDLE_IDENTIFIER = com.veda.TableViewDemoTests;
				PRODUCT_NAME = "$(TARGET_NAME)";
				TEST_HOST = "$(BUILT_PRODUCTS_DIR)/TableViewDemo.app/Contents/MacOS/TableViewDemo";
			};
			name = Release;
		};
		85D75E481ECCB24F006A7744 /* Debug */ = {
			isa = XCBuildConfiguration;
			buildSettings = {
				COMBINE_HIDPI_IMAGES = YES;
				DEVELOPMENT_TEAM = QQE69LKY8A;
				INFOPLIST_FILE = TableViewDemoUITests/Info.plist;
				LD_RUNPATH_SEARCH_PATHS = "$(inherited) @executable_path/../Frameworks @loader_path/../Frameworks";
				PRODUCT_BUNDLE_IDENTIFIER = com.veda.TableViewDemoUITests;
				PRODUCT_NAME = "$(TARGET_NAME)";
				TEST_TARGET_NAME = TableViewDemo;
			};
			name = Debug;
		};
		85D75E491ECCB24F006A7744 /* Release */ = {
			isa = XCBuildConfiguration;
			buildSettings = {
				COMBINE_HIDPI_IMAGES = YES;
				DEVELOPMENT_TEAM = QQE69LKY8A;
				INFOPLIST_FILE = TableViewDemoUITests/Info.plist;
				LD_RUNPATH_SEARCH_PATHS = "$(inherited) @executable_path/../Frameworks @loader_path/../Frameworks";
				PRODUCT_BUNDLE_IDENTIFIER = com.veda.TableViewDemoUITests;
				PRODUCT_NAME = "$(TARGET_NAME)";
				TEST_TARGET_NAME = TableViewDemo;
			};
			name = Release;
		};
/* End XCBuildConfiguration section */

/* Begin XCConfigurationList section */
		85D75E121ECCB24F006A7744 /* Build configuration list for PBXProject "TableViewDemo" */ = {
			isa = XCConfigurationList;
			buildConfigurations = (
				85D75E3F1ECCB24F006A7744 /* Debug */,
				85D75E401ECCB24F006A7744 /* Release */,
			);
			defaultConfigurationIsVisible = 0;
			defaultConfigurationName = Release;
		};
		85D75E411ECCB24F006A7744 /* Build configuration list for PBXNativeTarget "TableViewDemo" */ = {
			isa = XCConfigurationList;
			buildConfigurations = (
				85D75E421ECCB24F006A7744 /* Debug */,
				85D75E431ECCB24F006A7744 /* Release */,
			);
			defaultConfigurationIsVisible = 0;
		};
		85D75E441ECCB24F006A7744 /* Build configuration list for PBXNativeTarget "TableViewDemoTests" */ = {
			isa = XCConfigurationList;
			buildConfigurations = (
				85D75E451ECCB24F006A7744 /* Debug */,
				85D75E461ECCB24F006A7744 /* Release */,
			);
			defaultConfigurationIsVisible = 0;
		};
		85D75E471ECCB24F006A7744 /* Build configuration list for PBXNativeTarget "TableViewDemoUITests" */ = {
			isa = XCConfigurationList;
			buildConfigurations = (
				85D75E481ECCB24F006A7744 /* Debug */,
				85D75E491ECCB24F006A7744 /* Release */,
			);
			defaultConfigurationIsVisible = 0;
		};
/* End XCConfigurationList section */
	};
	rootObject = 85D75E0F1ECCB24F006A7744 /* Project object */;
}
